<?xml version="1.0" encoding="utf-8"?>
<Project ToolsVersion="4.0" xmlns="http://schemas.microsoft.com/developer/msbuild/2003">
  <ItemGroup>
    <Filter Include="Source Files">
      <UniqueIdentifier>{4FC737F1-C7A5-4376-A066-2A32D752A2FF}</UniqueIdentifier>
      <Extensions>cpp;c;cc;cxx;c++;cppm;ixx;def;odl;idl;hpj;bat;asm;asmx</Extensions>
    </Filter>
    <Filter Include="Header Files">
      <UniqueIdentifier>{93995380-89BD-4b04-88EB-625FBE52EBFB}</UniqueIdentifier>
      <Extensions>h;hh;hpp;hxx;h++;hm;inl;inc;ipp;xsd</Extensions>
    </Filter>
    <Filter Include="Resource Files">
      <UniqueIdentifier>{67DA6AB6-F800-4c08-8B7A-83BB121AAD01}</UniqueIdentifier>
      <Extensions>rc;ico;cur;bmp;dlg;rc2;rct;bin;rgs;gif;jpg;jpeg;jpe;resx;tiff;tif;png;wav;mfcribbon-ms</Extensions>
    </Filter>
    <Filter Include="Source Files\Examples">
      <UniqueIdentifier>{6d3b5369-dcbe-4efd-aeab-091a66dfdc40}</UniqueIdentifier>
    </Filter>
    <Filter Include="Source Files\Examples\Boost">
      <UniqueIdentifier>{0ed8ca67-12df-4122-8285-359207a2ee3a}</UniqueIdentifier>
    </Filter>
    <Filter Include="Source Files\Examples\Patterns &amp; Idioms">
      <UniqueIdentifier>{fcea67f0-6243-4f0f-857b-64c6962ad71f}</UniqueIdentifier>
    </Filter>
    <Filter Include="Source Files\Examples\opencv">
      <UniqueIdentifier>{a8f7016e-0d39-434c-907b-f8a2401eced7}</UniqueIdentifier>
    </Filter>
    <Filter Include="Source Files\Framework">
      <UniqueIdentifier>{ec7dc74a-fe13-4569-9c83-8b0c7611ddec}</UniqueIdentifier>
    </Filter>
    <Filter Include="Source Files\Examples\Modern C++">
      <UniqueIdentifier>{4d4b88c6-9fe8-4437-8258-d6244d149ff9}</UniqueIdentifier>
    </Filter>
  </ItemGroup>
  <ItemGroup>
    <ClCompile Include="CppPlayground.cpp">
      <Filter>Source Files</Filter>
    </ClCompile>
    <ClCompile Include="utils\example_factory.cpp">
      <Filter>Source Files\Framework</Filter>
    </ClCompile>
    <ClCompile Include="utils\console_display_policy.cpp">
      <Filter>Source Files\Framework</Filter>
    </ClCompile>
    <ClCompile Include="examples\boost\boost_examples.cpp">
      <Filter>Source Files\Examples\Boost</Filter>
    </ClCompile>
    <ClCompile Include="examples\opencv\filters.cpp">
      <Filter>Source Files\Examples\opencv</Filter>
    </ClCompile>
    <ClCompile Include="examples\opencv\opencv_examples.cpp">
      <Filter>Source Files\Examples\opencv</Filter>
    </ClCompile>
    <ClCompile Include="examples\patterns\mixin.cpp">
      <Filter>Source Files\Examples\Patterns &amp; Idioms</Filter>
    </ClCompile>
    <ClCompile Include="examples\patterns\pimpl.cpp">
      <Filter>Source Files\Examples\Patterns &amp; Idioms</Filter>
    </ClCompile>
    <ClCompile Include="examples\patterns\type_erasure.cpp">
      <Filter>Source Files\Examples\Patterns &amp; Idioms</Filter>
    </ClCompile>
    <ClCompile Include="examples\patterns\visitor.cpp">
      <Filter>Source Files\Examples\Patterns &amp; Idioms</Filter>
    </ClCompile>
    <ClCompile Include="examples\patterns\composite.cpp">
      <Filter>Source Files\Examples\Patterns &amp; Idioms</Filter>
    </ClCompile>
    <ClCompile Include="utils\ftxui_display_policy.cpp">
      <Filter>Source Files</Filter>
    </ClCompile>
    <ClCompile Include="utils\factory_items_policy.cpp">
      <Filter>Source Files</Filter>
    </ClCompile>
    <ClCompile Include="examples\modern\references.cpp">
      <Filter>Source Files\Examples\Modern C++</Filter>
    </ClCompile>
  </ItemGroup>
  <ItemGroup>
    <ClInclude Include="examples\boost\boost_examples.h">
      <Filter>Source Files\Examples\Boost</Filter>
    </ClInclude>
    <ClInclude Include="examples\opencv\CvWindowWrapper.h">
      <Filter>Source Files\Examples\opencv</Filter>
    </ClInclude>
    <ClInclude Include="examples\opencv\filters.h">
      <Filter>Source Files\Examples\opencv</Filter>
    </ClInclude>
    <ClInclude Include="examples\opencv\opencv_examples.h">
      <Filter>Source Files\Examples\opencv</Filter>
    </ClInclude>
    <ClInclude Include="include\example_factory.h">
      <Filter>Header Files</Filter>
    </ClInclude>
    <ClInclude Include="include\console_display_policy.h">
      <Filter>Header Files</Filter>
    </ClInclude>
    <ClInclude Include="include\macro_overload.h">
      <Filter>Header Files</Filter>
    </ClInclude>
    <ClInclude Include="include\menu.h">
      <Filter>Header Files</Filter>
    </ClInclude>
    <ClInclude Include="include\register_items.h">
      <Filter>Header Files</Filter>
    </ClInclude>
    <ClInclude Include="include\factory_items_policy.h">
      <Filter>Header Files</Filter>
    </ClInclude>
    <ClInclude Include="include\ftxui_display_policy.h">
      <Filter>Header Files</Filter>
    </ClInclude>
    <ClInclude Include="include\menu_item.h">
      <Filter>Header Files</Filter>
    </ClInclude>
  </ItemGroup>
</Project>